<?xml version="1.0" encoding="utf-8"?>
<Project ToolsVersion="4.0" xmlns="http://schemas.microsoft.com/developer/msbuild/2003">
  <ItemGroup>
    <Filter Include="Source Files">
      <UniqueIdentifier>{4FC737F1-C7A5-4376-A066-2A32D752A2FF}</UniqueIdentifier>
      <Extensions>cpp;c;cc;cxx;def;odl;idl;hpj;bat;asm;asmx</Extensions>
    </Filter>
    <Filter Include="Header Files">
      <UniqueIdentifier>{93995380-89BD-4b04-88EB-625FBE52EBFB}</UniqueIdentifier>
      <Extensions>h;hpp;hxx;hm;inl;inc;xsd</Extensions>
    </Filter>
    <Filter Include="Resource Files">
      <UniqueIdentifier>{67DA6AB6-F800-4c08-8B7A-83BB121AAD01}</UniqueIdentifier>
      <Extensions>rc;ico;cur;bmp;dlg;rc2;rct;bin;rgs;gif;jpg;jpeg;jpe;resx;tiff;tif;png;wav;mfcribbon-ms</Extensions>
    </Filter>
    <Filter Include="Header Files\events">
      <UniqueIdentifier>{61299e74-0945-498e-bbdc-e037c18b0c7c}</UniqueIdentifier>
    </Filter>
    <Filter Include="Header Files\network">
      <UniqueIdentifier>{7d4be09b-e0b2-42bd-a7dd-81cfbd528374}</UniqueIdentifier>
    </Filter>
    <Filter Include="Header Files\managers">
      <UniqueIdentifier>{dba80cf9-34bd-4051-bcd1-135c8d8cb12c}</UniqueIdentifier>
    </Filter>
    <Filter Include="Source Files\events">
      <UniqueIdentifier>{54168f5d-9e30-4661-b280-066418b6317f}</UniqueIdentifier>
    </Filter>
    <Filter Include="Source Files\managers">
      <UniqueIdentifier>{49ea33d7-45a8-485e-8578-7004a7f406dc}</UniqueIdentifier>
    </Filter>
    <Filter Include="Source Files\network">
      <UniqueIdentifier>{ebad1775-3cb1-4967-a129-4e39697c4008}</UniqueIdentifier>
    </Filter>
    <Filter Include="Header Files\world">
      <UniqueIdentifier>{125b7438-3bad-447d-8565-f9e1bebaed12}</UniqueIdentifier>
    </Filter>
    <Filter Include="Source Files\world">
      <UniqueIdentifier>{03180f09-7c9b-4482-a9c4-f14c0693758d}</UniqueIdentifier>
    </Filter>
    <Filter Include="Source Files\statistics">
      <UniqueIdentifier>{9f3f7a6a-c746-4ad5-9a8d-d7dbd2305e8f}</UniqueIdentifier>
    </Filter>
    <Filter Include="Header Files\statistics">
      <UniqueIdentifier>{17ce5cc0-86f1-4761-998f-7f716f1c73f5}</UniqueIdentifier>
    </Filter>
  </ItemGroup>
  <ItemGroup>
    <None Include="..\src\task.hh">
      <Filter>Header Files</Filter>
    </None>
    <None Include="..\src\threadPool.hh">
      <Filter>Header Files</Filter>
    </None>
    <None Include="..\src\workerContext.hh">
      <Filter>Header Files</Filter>
    </None>
    <None Include="..\src\taskQueue.hh">
      <Filter>Header Files</Filter>
    </None>
  </ItemGroup>
  <ItemGroup>
    <ClCompile Include="..\src\task.cc">
      <Filter>Source Files</Filter>
    </ClCompile>
    <ClCompile Include="..\src\threadPool.cc">
      <Filter>Source Files</Filter>
    </ClCompile>
    <ClCompile Include="..\src\taskQueue.cc">
      <Filter>Source Files</Filter>
    </ClCompile>
    <ClCompile Include="..\src\events\eventDispatcher.cc">
      <Filter>Source Files\events</Filter>
    </ClCompile>
    <ClCompile Include="..\src\events\eventFactory.cc">
      <Filter>Source Files\events</Filter>
    </ClCompile>
    <ClCompile Include="..\src\events\eventQueue.cc">
      <Filter>Source Files\events</Filter>
    </ClCompile>
    <ClCompile Include="..\src\network\server.cc">
      <Filter>Source Files\network</Filter>
    </ClCompile>
    <ClCompile Include="..\src\server\main.cc">
      <Filter>Source Files</Filter>
    </ClCompile>
    <ClCompile Include="..\src\world\worldNode.cc">
      <Filter>Source Files\world</Filter>
    </ClCompile>
    <ClCompile Include="..\src\world\entity.cc">
      <Filter>Source Files\world</Filter>
    </ClCompile>
    <ClCompile Include="..\src\statistics\executionTimer.cc">
      <Filter>Source Files\statistics</Filter>
    </ClCompile>
    <ClCompile Include="..\src\events\event.cc">
      <Filter>Source Files\events</Filter>
    </ClCompile>
    <ClCompile Include="..\src\logger.cc">
      <Filter>Source Files</Filter>
    </ClCompile>
    <ClCompile Include="..\src\network\serializable.cc">
      <Filter>Source Files\network</Filter>
    </ClCompile>
    <ClCompile Include="..\src\managers\serverObjectManager.cc">
      <Filter>Source Files\managers</Filter>
    </ClCompile>
    <ClCompile Include="..\src\server\serverGameState.cc">
      <Filter>Source Files</Filter>
    </ClCompile>
    <ClCompile Include="..\src\gameState.cc">
      <Filter>Source Files</Filter>
    </ClCompile>
  </ItemGroup>
  <ItemGroup>
    <ClInclude Include="..\src\events\eventDispatcher.hh">
      <Filter>Header Files\events</Filter>
    </ClInclude>
    <ClInclude Include="..\src\events\eventFactory.hh">
      <Filter>Header Files\events</Filter>
    </ClInclude>
    <ClInclude Include="..\src\events\eventQueue.hh">
      <Filter>Header Files\events</Filter>
    </ClInclude>
    <ClInclude Include="..\src\network\networkEvents.hh">
      <Filter>Header Files\network</Filter>
    </ClInclude>
    <ClInclude Include="..\src\network\server.hh">
      <Filter>Header Files\network</Filter>
    </ClInclude>
    <ClInclude Include="..\src\managers\templateManager.hh">
      <Filter>Header Files\managers</Filter>
    </ClInclude>
    <ClInclude Include="..\src\events\event.hh">
      <Filter>Header Files\events</Filter>
    </ClInclude>
    <ClInclude Include="..\src\network\serializable.hh">
      <Filter>Header Files\network</Filter>
    </ClInclude>
    <ClInclude Include="..\src\world\entity.hh">
      <Filter>Header Files\world</Filter>
    </ClInclude>
    <ClInclude Include="..\src\world\worldNode.hh">
      <Filter>Header Files\world</Filter>
    </ClInclude>
    <ClInclude Include="..\src\statistics\executionTimer.hh">
      <Filter>Header Files\statistics</Filter>
    </ClInclude>
    <ClInclude Include="..\src\ringBuffer.hh">
      <Filter>Header Files</Filter>
    </ClInclude>
    <ClInclude Include="..\src\logger.hh">
      <Filter>Header Files</Filter>
    </ClInclude>
    <ClInclude Include="..\src\world\worldObjectTypes.hh">
      <Filter>Header Files\world</Filter>
    </ClInclude>
    <ClInclude Include="..\src\world\objectEvents.hh">
      <Filter>Header Files\world</Filter>
    </ClInclude>
    <ClInclude Include="..\src\world\camera.hh">
      <Filter>Header Files\world</Filter>
    </ClInclude>
    <ClInclude Include="..\src\managers\serverObjectManager.hh">
      <Filter>Header Files\managers</Filter>
    </ClInclude>
    <ClInclude Include="..\src\server\serverGameState.hh">
      <Filter>Header Files</Filter>
    </ClInclude>
    <ClInclude Include="..\src\gameState.hh">
      <Filter>Header Files</Filter>
    </ClInclude>
  </ItemGroup>
  <ItemGroup>
    <ResourceCompile Include="..\data\server_resource.rc">
      <Filter>Resource Files</Filter>
    </ResourceCompile>
  </ItemGroup>
</Project>